
Microsoft Visual Studio Solution File, Format Version 12.00
# Visual Studio 15
VisualStudioVersion = 15.0.27703.2000
MinimumVisualStudioVersion = 10.0.40219.1
Project("{9A19103F-16F7-4668-BE54-9A1E7A4F7556}") = "Yuya.Net.Core", "Yuya.Net.Core\Yuya.Net.Core.csproj", "{949C9743-EC7E-4196-A77D-66E5C4605700}"
EndProject
Project("{2150E333-8FDC-42A3-9474-1A3956D46DE8}") = "Logging", "Logging", "{2B155213-7160-4248-AECD-DA62F374D6C3}"
EndProject
Project("{9A19103F-16F7-4668-BE54-9A1E7A4F7556}") = "Yuya.Net.Logging", "Logging\Yuya.Net.Logging\Yuya.Net.Logging.csproj", "{A14F2B94-DC8A-4AC1-91F8-59C62A2394A0}"
EndProject
Project("{FAE04EC0-301F-11D3-BF4B-00C04F79EFBC}") = "Yuya.Net.Logging.Log4Net", "Logging\Yuya.Net.Logging.Log4Net\Yuya.Net.Logging.Log4Net.csproj", "{6AB7396A-CFB7-40FB-86DD-13285415DC42}"
EndProject
Global
	GlobalSection(SolutionConfigurationPlatforms) = preSolution
		Debug|Any CPU = Debug|Any CPU
		Release|Any CPU = Release|Any CPU
	EndGlobalSection
	GlobalSection(ProjectConfigurationPlatforms) = postSolution
		{949C9743-EC7E-4196-A77D-66E5C4605700}.Debug|Any CPU.ActiveCfg = Debug|Any CPU
		{949C9743-EC7E-4196-A77D-66E5C4605700}.Debug|Any CPU.Build.0 = Debug|Any CPU
		{949C9743-EC7E-4196-A77D-66E5C4605700}.Release|Any CPU.ActiveCfg = Release|Any CPU
		{949C9743-EC7E-4196-A77D-66E5C4605700}.Release|Any CPU.Build.0 = Release|Any CPU
		{A14F2B94-DC8A-4AC1-91F8-59C62A2394A0}.Debug|Any CPU.ActiveCfg = Debug|Any CPU
		{A14F2B94-DC8A-4AC1-91F8-59C62A2394A0}.Debug|Any CPU.Build.0 = Debug|Any CPU
		{A14F2B94-DC8A-4AC1-91F8-59C62A2394A0}.Release|Any CPU.ActiveCfg = Release|Any CPU
		{A14F2B94-DC8A-4AC1-91F8-59C62A2394A0}.Release|Any CPU.Build.0 = Release|Any CPU
		{6AB7396A-CFB7-40FB-86DD-13285415DC42}.Debug|Any CPU.ActiveCfg = Debug|Any CPU
		{6AB7396A-CFB7-40FB-86DD-13285415DC42}.Debug|Any CPU.Build.0 = Debug|Any CPU
		{6AB7396A-CFB7-40FB-86DD-13285415DC42}.Release|Any CPU.ActiveCfg = Release|Any CPU
		{6AB7396A-CFB7-40FB-86DD-13285415DC42}.Release|Any CPU.Build.0 = Release|Any CPU
	EndGlobalSection
	GlobalSection(SolutionProperties) = preSolution
		HideSolutionNode = FALSE
	EndGlobalSection
	GlobalSection(NestedProjects) = preSolution
		{A14F2B94-DC8A-4AC1-91F8-59C62A2394A0} = {2B155213-7160-4248-AECD-DA62F374D6C3}
		{6AB7396A-CFB7-40FB-86DD-13285415DC42} = {2B155213-7160-4248-AECD-DA62F374D6C3}
	EndGlobalSection
	GlobalSection(ExtensibilityGlobals) = postSolution
		SolutionGuid = {D278D99D-E7B8-432E-8C50-F7D9A23FFC4A}
	EndGlobalSection
EndGlobal
