
Microsoft Visual Studio Solution File, Format Version 12.00
# Visual Studio 15
VisualStudioVersion = 15.0.27703.2000
MinimumVisualStudioVersion = 10.0.40219.1
Project("{9A19103F-16F7-4668-BE54-9A1E7A4F7556}") = "Yuya.Net.Core", "Yuya.Net.Core\Yuya.Net.Core.csproj", "{949C9743-EC7E-4196-A77D-66E5C4605700}"
EndProject
Project("{2150E333-8FDC-42A3-9474-1A3956D46DE8}") = "Logging", "Logging", "{2B155213-7160-4248-AECD-DA62F374D6C3}"
EndProject
Project("{9A19103F-16F7-4668-BE54-9A1E7A4F7556}") = "Yuya.Net.Logging", "Logging\Yuya.Net.Logging\Yuya.Net.Logging.csproj", "{A14F2B94-DC8A-4AC1-91F8-59C62A2394A0}"
EndProject
Project("{9A19103F-16F7-4668-BE54-9A1E7A4F7556}") = "Yuya.Net.Logging.Log4Net", "Logging\Yuya.Net.Logging.Log4Net\Yuya.Net.Logging.Log4Net.csproj", "{6AB7396A-CFB7-40FB-86DD-13285415DC42}"
EndProject
Project("{9A19103F-16F7-4668-BE54-9A1E7A4F7556}") = "Yuya.Net.Logging.NLog", "Logging\Yuya.Net.Logging.NLog\Yuya.Net.Logging.NLog.csproj", "{0B1B9EB7-8540-4AD4-9E8C-BA7E3099E67D}"
EndProject
Project("{2150E333-8FDC-42A3-9474-1A3956D46DE8}") = "Tests", "Tests", "{D02E53D4-23A7-41BF-8657-D7694BE8A821}"
EndProject
Project("{9A19103F-16F7-4668-BE54-9A1E7A4F7556}") = "Yuya.Net.Logging.Tests", "Logging\Tests\Yuya.Net.Logging.Tests\Yuya.Net.Logging.Tests.csproj", "{EFBB4D54-0971-468A-AA5D-C85B7417B68E}"
EndProject
Project("{9A19103F-16F7-4668-BE54-9A1E7A4F7556}") = "Yuya.Net.Logging.Log4Net.Tests", "Logging\Tests\Yuya.Net.Logging.Log4Net.Tests\Yuya.Net.Logging.Log4Net.Tests.csproj", "{DC17D137-D8C1-4C40-B6DF-86C19C3FE09B}"
EndProject
Project("{9A19103F-16F7-4668-BE54-9A1E7A4F7556}") = "Yuya.Net.Logging.NLog.Tests", "Logging\Tests\Yuya.Net.Logging.NLog.Tests\Yuya.Net.Logging.NLog.Tests.csproj", "{C3BAE56D-47BC-46CC-843B-5957A56C13F5}"
EndProject
Project("{2150E333-8FDC-42A3-9474-1A3956D46DE8}") = "IoC", "IoC", "{CCE36BAA-B5AE-49E8-943F-1860F97995C7}"
EndProject
Project("{9A19103F-16F7-4668-BE54-9A1E7A4F7556}") = "Yuya.Net.IoC", "IoC\Yuya.Net.IoC\Yuya.Net.IoC.csproj", "{8F3327CB-963E-4E47-91F7-85C556E79BAB}"
EndProject
Project("{9A19103F-16F7-4668-BE54-9A1E7A4F7556}") = "Yuya.Net.IoC.CastleWindsor", "IoC\Yuya.Net.IoC.CastleWindsor\Yuya.Net.IoC.CastleWindsor.csproj", "{C76CF354-6165-4D14-B55B-A0F52CB7B810}"
EndProject
Project("{2150E333-8FDC-42A3-9474-1A3956D46DE8}") = "Tests", "Tests", "{699692E4-3B19-46E2-9830-CEA97BB19418}"
EndProject
Project("{9A19103F-16F7-4668-BE54-9A1E7A4F7556}") = "Yuya.Net.IoC.Tests", "IoC\tests\Yuya.Net.IoC.Tests\Yuya.Net.IoC.Tests.csproj", "{1AB09CC2-53CC-47C7-99D9-2E08BC75DB12}"
EndProject
Project("{9A19103F-16F7-4668-BE54-9A1E7A4F7556}") = "Yuya.Net.IoC.CastleWindsor.Tests", "IoC\tests\Yuya.Net.IoC.CastleWindsor.Tests\Yuya.Net.IoC.CastleWindsor.Tests.csproj", "{4D0984DA-9509-4671-801A-2E71DFEFDF62}"
EndProject
Project("{2150E333-8FDC-42A3-9474-1A3956D46DE8}") = "ODataServer", "ODataServer", "{869BF495-2BA0-426C-BF6A-D9794B12E36C}"
EndProject
Project("{9A19103F-16F7-4668-BE54-9A1E7A4F7556}") = "Yuya.Net.OData.Server", "OData\Yuya.Net.OData.Server\Yuya.Net.OData.Server.csproj", "{146D2835-AEC7-4131-9B8C-199B828644FF}"
EndProject
Project("{2150E333-8FDC-42A3-9474-1A3956D46DE8}") = "Middlewares", "Middlewares", "{224CBA2F-EAFF-48DA-9FB5-0672CD011A9D}"
EndProject
Project("{9A19103F-16F7-4668-BE54-9A1E7A4F7556}") = "Yuya.Net.OData.Server.DotNetCore20", "OData\Middlewares\Yuya.Net.OData.Server.Middlewares.DotNetCore20\Yuya.Net.OData.Server.DotNetCore20.csproj", "{8906182A-3439-44D5-8022-98F274E0116F}"
EndProject
Project("{2150E333-8FDC-42A3-9474-1A3956D46DE8}") = "Server", "Server", "{C7E12C28-B38F-4271-A0AB-CAE15A645B3E}"
EndProject
Project("{2150E333-8FDC-42A3-9474-1A3956D46DE8}") = "Demos", "Demos", "{22CC9F4C-62B3-4618-AD9E-EB18756AB0E6}"
EndProject
Project("{FAE04EC0-301F-11D3-BF4B-00C04F79EFBC}") = "ODataServerASPNetCore20Demo", "OData\Demos\ODataServerASPNetCore20Demo\ODataServerASPNetCore20Demo.csproj", "{0460B96B-0D86-4026-BB6A-443E2BA66D48}"
EndProject
Global
	GlobalSection(SolutionConfigurationPlatforms) = preSolution
		Debug|Any CPU = Debug|Any CPU
		Release|Any CPU = Release|Any CPU
	EndGlobalSection
	GlobalSection(ProjectConfigurationPlatforms) = postSolution
		{949C9743-EC7E-4196-A77D-66E5C4605700}.Debug|Any CPU.ActiveCfg = Debug|Any CPU
		{949C9743-EC7E-4196-A77D-66E5C4605700}.Debug|Any CPU.Build.0 = Debug|Any CPU
		{949C9743-EC7E-4196-A77D-66E5C4605700}.Release|Any CPU.ActiveCfg = Release|Any CPU
		{949C9743-EC7E-4196-A77D-66E5C4605700}.Release|Any CPU.Build.0 = Release|Any CPU
		{A14F2B94-DC8A-4AC1-91F8-59C62A2394A0}.Debug|Any CPU.ActiveCfg = Debug|Any CPU
		{A14F2B94-DC8A-4AC1-91F8-59C62A2394A0}.Debug|Any CPU.Build.0 = Debug|Any CPU
		{A14F2B94-DC8A-4AC1-91F8-59C62A2394A0}.Release|Any CPU.ActiveCfg = Release|Any CPU
		{A14F2B94-DC8A-4AC1-91F8-59C62A2394A0}.Release|Any CPU.Build.0 = Release|Any CPU
		{6AB7396A-CFB7-40FB-86DD-13285415DC42}.Debug|Any CPU.ActiveCfg = Debug|Any CPU
		{6AB7396A-CFB7-40FB-86DD-13285415DC42}.Debug|Any CPU.Build.0 = Debug|Any CPU
		{6AB7396A-CFB7-40FB-86DD-13285415DC42}.Release|Any CPU.ActiveCfg = Release|Any CPU
		{6AB7396A-CFB7-40FB-86DD-13285415DC42}.Release|Any CPU.Build.0 = Release|Any CPU
		{0B1B9EB7-8540-4AD4-9E8C-BA7E3099E67D}.Debug|Any CPU.ActiveCfg = Debug|Any CPU
		{0B1B9EB7-8540-4AD4-9E8C-BA7E3099E67D}.Debug|Any CPU.Build.0 = Debug|Any CPU
		{0B1B9EB7-8540-4AD4-9E8C-BA7E3099E67D}.Release|Any CPU.ActiveCfg = Release|Any CPU
		{0B1B9EB7-8540-4AD4-9E8C-BA7E3099E67D}.Release|Any CPU.Build.0 = Release|Any CPU
		{EFBB4D54-0971-468A-AA5D-C85B7417B68E}.Debug|Any CPU.ActiveCfg = Debug|Any CPU
		{EFBB4D54-0971-468A-AA5D-C85B7417B68E}.Debug|Any CPU.Build.0 = Debug|Any CPU
		{EFBB4D54-0971-468A-AA5D-C85B7417B68E}.Release|Any CPU.ActiveCfg = Release|Any CPU
		{EFBB4D54-0971-468A-AA5D-C85B7417B68E}.Release|Any CPU.Build.0 = Release|Any CPU
		{DC17D137-D8C1-4C40-B6DF-86C19C3FE09B}.Debug|Any CPU.ActiveCfg = Debug|Any CPU
		{DC17D137-D8C1-4C40-B6DF-86C19C3FE09B}.Debug|Any CPU.Build.0 = Debug|Any CPU
		{DC17D137-D8C1-4C40-B6DF-86C19C3FE09B}.Release|Any CPU.ActiveCfg = Release|Any CPU
		{DC17D137-D8C1-4C40-B6DF-86C19C3FE09B}.Release|Any CPU.Build.0 = Release|Any CPU
		{C3BAE56D-47BC-46CC-843B-5957A56C13F5}.Debug|Any CPU.ActiveCfg = Debug|Any CPU
		{C3BAE56D-47BC-46CC-843B-5957A56C13F5}.Debug|Any CPU.Build.0 = Debug|Any CPU
		{C3BAE56D-47BC-46CC-843B-5957A56C13F5}.Release|Any CPU.ActiveCfg = Release|Any CPU
		{C3BAE56D-47BC-46CC-843B-5957A56C13F5}.Release|Any CPU.Build.0 = Release|Any CPU
		{8F3327CB-963E-4E47-91F7-85C556E79BAB}.Debug|Any CPU.ActiveCfg = Debug|Any CPU
		{8F3327CB-963E-4E47-91F7-85C556E79BAB}.Debug|Any CPU.Build.0 = Debug|Any CPU
		{8F3327CB-963E-4E47-91F7-85C556E79BAB}.Release|Any CPU.ActiveCfg = Release|Any CPU
		{8F3327CB-963E-4E47-91F7-85C556E79BAB}.Release|Any CPU.Build.0 = Release|Any CPU
		{C76CF354-6165-4D14-B55B-A0F52CB7B810}.Debug|Any CPU.ActiveCfg = Debug|Any CPU
		{C76CF354-6165-4D14-B55B-A0F52CB7B810}.Debug|Any CPU.Build.0 = Debug|Any CPU
		{C76CF354-6165-4D14-B55B-A0F52CB7B810}.Release|Any CPU.ActiveCfg = Release|Any CPU
		{C76CF354-6165-4D14-B55B-A0F52CB7B810}.Release|Any CPU.Build.0 = Release|Any CPU
		{1AB09CC2-53CC-47C7-99D9-2E08BC75DB12}.Debug|Any CPU.ActiveCfg = Debug|Any CPU
		{1AB09CC2-53CC-47C7-99D9-2E08BC75DB12}.Debug|Any CPU.Build.0 = Debug|Any CPU
		{1AB09CC2-53CC-47C7-99D9-2E08BC75DB12}.Release|Any CPU.ActiveCfg = Release|Any CPU
		{1AB09CC2-53CC-47C7-99D9-2E08BC75DB12}.Release|Any CPU.Build.0 = Release|Any CPU
		{4D0984DA-9509-4671-801A-2E71DFEFDF62}.Debug|Any CPU.ActiveCfg = Debug|Any CPU
		{4D0984DA-9509-4671-801A-2E71DFEFDF62}.Debug|Any CPU.Build.0 = Debug|Any CPU
		{4D0984DA-9509-4671-801A-2E71DFEFDF62}.Release|Any CPU.ActiveCfg = Release|Any CPU
		{4D0984DA-9509-4671-801A-2E71DFEFDF62}.Release|Any CPU.Build.0 = Release|Any CPU
		{146D2835-AEC7-4131-9B8C-199B828644FF}.Debug|Any CPU.ActiveCfg = Debug|Any CPU
		{146D2835-AEC7-4131-9B8C-199B828644FF}.Debug|Any CPU.Build.0 = Debug|Any CPU
		{146D2835-AEC7-4131-9B8C-199B828644FF}.Release|Any CPU.ActiveCfg = Release|Any CPU
		{146D2835-AEC7-4131-9B8C-199B828644FF}.Release|Any CPU.Build.0 = Release|Any CPU
		{8906182A-3439-44D5-8022-98F274E0116F}.Debug|Any CPU.ActiveCfg = Debug|Any CPU
		{8906182A-3439-44D5-8022-98F274E0116F}.Debug|Any CPU.Build.0 = Debug|Any CPU
		{8906182A-3439-44D5-8022-98F274E0116F}.Release|Any CPU.ActiveCfg = Release|Any CPU
		{8906182A-3439-44D5-8022-98F274E0116F}.Release|Any CPU.Build.0 = Release|Any CPU
		{0460B96B-0D86-4026-BB6A-443E2BA66D48}.Debug|Any CPU.ActiveCfg = Debug|Any CPU
		{0460B96B-0D86-4026-BB6A-443E2BA66D48}.Debug|Any CPU.Build.0 = Debug|Any CPU
		{0460B96B-0D86-4026-BB6A-443E2BA66D48}.Release|Any CPU.ActiveCfg = Release|Any CPU
		{0460B96B-0D86-4026-BB6A-443E2BA66D48}.Release|Any CPU.Build.0 = Release|Any CPU
	EndGlobalSection
	GlobalSection(SolutionProperties) = preSolution
		HideSolutionNode = FALSE
	EndGlobalSection
	GlobalSection(NestedProjects) = preSolution
		{A14F2B94-DC8A-4AC1-91F8-59C62A2394A0} = {2B155213-7160-4248-AECD-DA62F374D6C3}
		{6AB7396A-CFB7-40FB-86DD-13285415DC42} = {2B155213-7160-4248-AECD-DA62F374D6C3}
		{0B1B9EB7-8540-4AD4-9E8C-BA7E3099E67D} = {2B155213-7160-4248-AECD-DA62F374D6C3}
		{D02E53D4-23A7-41BF-8657-D7694BE8A821} = {2B155213-7160-4248-AECD-DA62F374D6C3}
		{EFBB4D54-0971-468A-AA5D-C85B7417B68E} = {D02E53D4-23A7-41BF-8657-D7694BE8A821}
		{DC17D137-D8C1-4C40-B6DF-86C19C3FE09B} = {D02E53D4-23A7-41BF-8657-D7694BE8A821}
		{C3BAE56D-47BC-46CC-843B-5957A56C13F5} = {D02E53D4-23A7-41BF-8657-D7694BE8A821}
		{8F3327CB-963E-4E47-91F7-85C556E79BAB} = {CCE36BAA-B5AE-49E8-943F-1860F97995C7}
		{C76CF354-6165-4D14-B55B-A0F52CB7B810} = {CCE36BAA-B5AE-49E8-943F-1860F97995C7}
		{699692E4-3B19-46E2-9830-CEA97BB19418} = {CCE36BAA-B5AE-49E8-943F-1860F97995C7}
		{1AB09CC2-53CC-47C7-99D9-2E08BC75DB12} = {699692E4-3B19-46E2-9830-CEA97BB19418}
		{4D0984DA-9509-4671-801A-2E71DFEFDF62} = {699692E4-3B19-46E2-9830-CEA97BB19418}
		{146D2835-AEC7-4131-9B8C-199B828644FF} = {C7E12C28-B38F-4271-A0AB-CAE15A645B3E}
		{224CBA2F-EAFF-48DA-9FB5-0672CD011A9D} = {C7E12C28-B38F-4271-A0AB-CAE15A645B3E}
		{8906182A-3439-44D5-8022-98F274E0116F} = {224CBA2F-EAFF-48DA-9FB5-0672CD011A9D}
		{C7E12C28-B38F-4271-A0AB-CAE15A645B3E} = {869BF495-2BA0-426C-BF6A-D9794B12E36C}
		{22CC9F4C-62B3-4618-AD9E-EB18756AB0E6} = {C7E12C28-B38F-4271-A0AB-CAE15A645B3E}
		{0460B96B-0D86-4026-BB6A-443E2BA66D48} = {22CC9F4C-62B3-4618-AD9E-EB18756AB0E6}
	EndGlobalSection
	GlobalSection(ExtensibilityGlobals) = postSolution
		SolutionGuid = {D278D99D-E7B8-432E-8C50-F7D9A23FFC4A}
	EndGlobalSection
EndGlobal
